
Microsoft Visual Studio Solution File, Format Version 12.00
# Visual Studio Version 17
VisualStudioVersion = 17.0.31903.59
MinimumVisualStudioVersion = 10.0.40219.1
Project("{FAE04EC0-301F-11D3-BF4B-00C04F79EFBC}") = "TerraNova.Shared", "TerraNova.Shared\TerraNova.Shared.csproj", "{933845AA-B1EC-431A-BB3D-F5863856D5E4}"
EndProject
Project("{FAE04EC0-301F-11D3-BF4B-00C04F79EFBC}") = "TerraNova.Server", "TerraNova.Server\TerraNova.Server.csproj", "{14375DC1-BCBB-4F94-846D-E60D474CCBC6}"
EndProject
Project("{FAE04EC0-301F-11D3-BF4B-00C04F79EFBC}") = "TerraNova.Client", "TerraNova.Client\TerraNova.Client.csproj", "{0FAD6313-5597-41AA-B3E1-DCEF2707992F}"
EndProject
Project("{FAE04EC0-301F-11D3-BF4B-00C04F79EFBC}") = "TerraNova.Web", "TerraNova.Web\TerraNova.Web.csproj", "{B8E71806-6149-425B-8DC2-B6FA8EE5048A}"
EndProject
Project("{FAE04EC0-301F-11D3-BF4B-00C04F79EFBC}") = "TerraNova.GameLogic", "TerraNova.GameLogic\TerraNova.GameLogic.csproj", "{220BB25F-24BF-45F9-AC8F-209ACA30A22B}"
EndProject
Global
	GlobalSection(SolutionConfigurationPlatforms) = preSolution
		Debug|Any CPU = Debug|Any CPU
		Debug|x64 = Debug|x64
		Debug|x86 = Debug|x86
		Release|Any CPU = Release|Any CPU
		Release|x64 = Release|x64
		Release|x86 = Release|x86
	EndGlobalSection
	GlobalSection(ProjectConfigurationPlatforms) = postSolution
		{933845AA-B1EC-431A-BB3D-F5863856D5E4}.Debug|Any CPU.ActiveCfg = Debug|Any CPU
		{933845AA-B1EC-431A-BB3D-F5863856D5E4}.Debug|Any CPU.Build.0 = Debug|Any CPU
		{933845AA-B1EC-431A-BB3D-F5863856D5E4}.Debug|x64.ActiveCfg = Debug|Any CPU
		{933845AA-B1EC-431A-BB3D-F5863856D5E4}.Debug|x64.Build.0 = Debug|Any CPU
		{933845AA-B1EC-431A-BB3D-F5863856D5E4}.Debug|x86.ActiveCfg = Debug|Any CPU
		{933845AA-B1EC-431A-BB3D-F5863856D5E4}.Debug|x86.Build.0 = Debug|Any CPU
		{933845AA-B1EC-431A-BB3D-F5863856D5E4}.Release|Any CPU.ActiveCfg = Release|Any CPU
		{933845AA-B1EC-431A-BB3D-F5863856D5E4}.Release|Any CPU.Build.0 = Release|Any CPU
		{933845AA-B1EC-431A-BB3D-F5863856D5E4}.Release|x64.ActiveCfg = Release|Any CPU
		{933845AA-B1EC-431A-BB3D-F5863856D5E4}.Release|x64.Build.0 = Release|Any CPU
		{933845AA-B1EC-431A-BB3D-F5863856D5E4}.Release|x86.ActiveCfg = Release|Any CPU
		{933845AA-B1EC-431A-BB3D-F5863856D5E4}.Release|x86.Build.0 = Release|Any CPU
		{14375DC1-BCBB-4F94-846D-E60D474CCBC6}.Debug|Any CPU.ActiveCfg = Debug|Any CPU
		{14375DC1-BCBB-4F94-846D-E60D474CCBC6}.Debug|Any CPU.Build.0 = Debug|Any CPU
		{14375DC1-BCBB-4F94-846D-E60D474CCBC6}.Debug|x64.ActiveCfg = Debug|Any CPU
		{14375DC1-BCBB-4F94-846D-E60D474CCBC6}.Debug|x64.Build.0 = Debug|Any CPU
		{14375DC1-BCBB-4F94-846D-E60D474CCBC6}.Debug|x86.ActiveCfg = Debug|Any CPU
		{14375DC1-BCBB-4F94-846D-E60D474CCBC6}.Debug|x86.Build.0 = Debug|Any CPU
		{14375DC1-BCBB-4F94-846D-E60D474CCBC6}.Release|Any CPU.ActiveCfg = Release|Any CPU
		{14375DC1-BCBB-4F94-846D-E60D474CCBC6}.Release|Any CPU.Build.0 = Release|Any CPU
		{14375DC1-BCBB-4F94-846D-E60D474CCBC6}.Release|x64.ActiveCfg = Release|Any CPU
		{14375DC1-BCBB-4F94-846D-E60D474CCBC6}.Release|x64.Build.0 = Release|Any CPU
		{14375DC1-BCBB-4F94-846D-E60D474CCBC6}.Release|x86.ActiveCfg = Release|Any CPU
		{14375DC1-BCBB-4F94-846D-E60D474CCBC6}.Release|x86.Build.0 = Release|Any CPU
		{0FAD6313-5597-41AA-B3E1-DCEF2707992F}.Debug|Any CPU.ActiveCfg = Debug|Any CPU
		{0FAD6313-5597-41AA-B3E1-DCEF2707992F}.Debug|Any CPU.Build.0 = Debug|Any CPU
		{0FAD6313-5597-41AA-B3E1-DCEF2707992F}.Debug|x64.ActiveCfg = Debug|Any CPU
		{0FAD6313-5597-41AA-B3E1-DCEF2707992F}.Debug|x64.Build.0 = Debug|Any CPU
		{0FAD6313-5597-41AA-B3E1-DCEF2707992F}.Debug|x86.ActiveCfg = Debug|Any CPU
		{0FAD6313-5597-41AA-B3E1-DCEF2707992F}.Debug|x86.Build.0 = Debug|Any CPU
		{0FAD6313-5597-41AA-B3E1-DCEF2707992F}.Release|Any CPU.ActiveCfg = Release|Any CPU
		{0FAD6313-5597-41AA-B3E1-DCEF2707992F}.Release|Any CPU.Build.0 = Release|Any CPU
		{0FAD6313-5597-41AA-B3E1-DCEF2707992F}.Release|x64.ActiveCfg = Release|Any CPU
		{0FAD6313-5597-41AA-B3E1-DCEF2707992F}.Release|x64.Build.0 = Release|Any CPU
		{0FAD6313-5597-41AA-B3E1-DCEF2707992F}.Release|x86.ActiveCfg = Release|Any CPU
		{0FAD6313-5597-41AA-B3E1-DCEF2707992F}.Release|x86.Build.0 = Release|Any CPU
		{B8E71806-6149-425B-8DC2-B6FA8EE5048A}.Debug|Any CPU.ActiveCfg = Debug|Any CPU
		{B8E71806-6149-425B-8DC2-B6FA8EE5048A}.Debug|Any CPU.Build.0 = Debug|Any CPU
		{B8E71806-6149-425B-8DC2-B6FA8EE5048A}.Debug|x64.ActiveCfg = Debug|Any CPU
		{B8E71806-6149-425B-8DC2-B6FA8EE5048A}.Debug|x64.Build.0 = Debug|Any CPU
		{B8E71806-6149-425B-8DC2-B6FA8EE5048A}.Debug|x86.ActiveCfg = Debug|Any CPU
		{B8E71806-6149-425B-8DC2-B6FA8EE5048A}.Debug|x86.Build.0 = Debug|Any CPU
		{B8E71806-6149-425B-8DC2-B6FA8EE5048A}.Release|Any CPU.ActiveCfg = Release|Any CPU
		{B8E71806-6149-425B-8DC2-B6FA8EE5048A}.Release|Any CPU.Build.0 = Release|Any CPU
		{B8E71806-6149-425B-8DC2-B6FA8EE5048A}.Release|x64.ActiveCfg = Release|Any CPU
		{B8E71806-6149-425B-8DC2-B6FA8EE5048A}.Release|x64.Build.0 = Release|Any CPU
		{B8E71806-6149-425B-8DC2-B6FA8EE5048A}.Release|x86.ActiveCfg = Release|Any CPU
		{B8E71806-6149-425B-8DC2-B6FA8EE5048A}.Release|x86.Build.0 = Release|Any CPU
		{220BB25F-24BF-45F9-AC8F-209ACA30A22B}.Debug|Any CPU.ActiveCfg = Debug|Any CPU
		{220BB25F-24BF-45F9-AC8F-209ACA30A22B}.Debug|Any CPU.Build.0 = Debug|Any CPU
		{220BB25F-24BF-45F9-AC8F-209ACA30A22B}.Debug|x64.ActiveCfg = Debug|Any CPU
		{220BB25F-24BF-45F9-AC8F-209ACA30A22B}.Debug|x64.Build.0 = Debug|Any CPU
		{220BB25F-24BF-45F9-AC8F-209ACA30A22B}.Debug|x86.ActiveCfg = Debug|Any CPU
		{220BB25F-24BF-45F9-AC8F-209ACA30A22B}.Debug|x86.Build.0 = Debug|Any CPU
		{220BB25F-24BF-45F9-AC8F-209ACA30A22B}.Release|Any CPU.ActiveCfg = Release|Any CPU
		{220BB25F-24BF-45F9-AC8F-209ACA30A22B}.Release|Any CPU.Build.0 = Release|Any CPU
		{220BB25F-24BF-45F9-AC8F-209ACA30A22B}.Release|x64.ActiveCfg = Release|Any CPU
		{220BB25F-24BF-45F9-AC8F-209ACA30A22B}.Release|x64.Build.0 = Release|Any CPU
		{220BB25F-24BF-45F9-AC8F-209ACA30A22B}.Release|x86.ActiveCfg = Release|Any CPU
		{220BB25F-24BF-45F9-AC8F-209ACA30A22B}.Release|x86.Build.0 = Release|Any CPU
	EndGlobalSection
	GlobalSection(SolutionProperties) = preSolution
		HideSolutionNode = FALSE
	EndGlobalSection
EndGlobal
